{
    "_meta": {
        "hash": {
            "sha256": "821d7dfd507fe9d3e3eac962d2ded2326be15d8e14ca695dfdd274463c78f9fb"
        },
        "pipfile-spec": 6,
        "requires": {
            "python_version": "3.10"
        },
        "sources": [
            {
                "name": "pypi",
                "url": "https://pypi.org/simple",
                "verify_ssl": true
            }
        ]
    },
    "default": {
        "apscheduler": {
            "hashes": [
                "sha256:0293937d8f6051a0f493359440c1a1b93e882c57daf0197afeff0e727777b96e",
                "sha256:e813ad5ada7aff36fb08cdda746b520531eaac7757832abc204868ba78e0c8f6"
            ],
            "index": "pypi",
            "markers": "python_version >= '3.6'",
            "version": "==3.10.1"
        },
        "arrow": {
            "hashes": [
                "sha256:749f0769958ebdc79c173ff0b0670d59051a535fa26e8eba02953dc19eb43205",
                "sha256:ed0cc050e98001b8779e84d461b0098c4ac597e88704a655582b21d116e526d7"
            ],
            "markers": "python_version >= '3.8'",
            "version": "==1.4.0"
        },
        "asgiref": {
            "hashes": [
                "sha256:1d2880b792ae8757289136f1db2b7b99100ce959b2aa57fd69dab783d05afac4",
                "sha256:4a29362a6acebe09bf1d6640db38c1dc3d9217c68e6f9f6204d72667fc19a424"
            ],
            "index": "pypi",
            "markers": "python_version >= '3.7'",
            "version": "==3.5.2"
        },
        "blessed": {
            "hashes": [
                "sha256:1818efb7c10015478286f21a412fcdd31a3d8b94a18f6d926e733827da7a844b",
                "sha256:a1fed52d708a1aa26dfb8d3eaecf6f4714bff590e728baeefcb44f2c16c8de82"
            ],
            "markers": "python_version >= '2.7'",
            "version": "==1.22.0"
        },
        "certifi": {
            "hashes": [
                "sha256:0d9c601124e5a6ba9712dbc60d9c53c21e34f5f641fe83002317394311bdce14",
                "sha256:90c1a32f1d68f940488354e36370f6cca89f0f106db09518524c88d6ed83f382"
            ],
            "index": "pypi",
            "markers": "python_version >= '3.6'",
            "version": "==2022.9.24"
        },
        "charset-normalizer": {
            "hashes": [
                "sha256:5a3d016c7c547f69d6f81fb0db9449ce888b418b5b9952cc5e6e66843e9dd845",
                "sha256:83e9a75d1911279afd89352c68b45348559d1fc0506b054b346651b5e7fee29f"
            ],
            "index": "pypi",
            "markers": "python_full_version >= '3.6.0'",
            "version": "==2.1.1"
        },
        "cloudinary": {
            "hashes": [
                "sha256:afda8b4dcd93f500682e8f2bccda4b1a92d05b0094d5bc7ef6f6425eed13e81e"
            ],
            "index": "pypi",
            "version": "==1.30.0"
        },
        "dj-database-url": {
            "hashes": [
                "sha256:ccf3e8718f75ddd147a1e212fca88eecdaa721759ee48e38b485481c77bca3dc",
                "sha256:cd354a3b7a9136d78d64c17b2aec369e2ae5616fbca6bfbe435ef15bb372ce39"
            ],
            "index": "pypi",
            "version": "==1.0.0"
        },
        "django": {
            "hashes": [
                "sha256:a153ffd5143bf26a877bfae2f4ec736ebd8924a46600ca089ad96b54a1d4e28e",
                "sha256:acb21fac9275f9972d81c7caf5761a89ec3ea25fe74545dd26b8a48cb3a0203e"
            ],
            "index": "pypi",
            "markers": "python_version >= '3.8'",
            "version": "==4.1.1"
        },
        "django-apscheduler": {
            "hashes": [
                "sha256:60ced2c07b531b0477076dfef2d6de4790a983a4bbd75fae5e387ac360e9c8fd",
                "sha256:d30a05be98e01c12aa50d0a7afd8d0fd529c874d1c75af20891b6417d2f36475"
            ],
            "index": "pypi",
            "version": "==0.6.2"
        },
        "django-cloudinary-storage": {
            "hashes": [
                "sha256:95c855c7334141b2a485ea7eb5716de87bb6ce0d848e205debb3a3ab7bbbd49a",
                "sha256:debd403a5f225c9d35c4af508ff4abc7fdc262129464134b60b2feeb2c44d3e1"
            ],
            "index": "pypi",
            "version": "==0.3.0"
        },
        "django-cors-headers": {
            "hashes": [
                "sha256:37e42883b5f1f2295df6b4bba96eb2417a14a03270cb24b2a07f021cd4487cf4",
                "sha256:f9dc6b4e3f611c3199700b3e5f3398c28757dcd559c2f82932687f3d0443cfdf"
            ],
            "index": "pypi",
            "markers": "python_version >= '3.7'",
            "version": "==3.13.0"
        },
        "django-debug-toolbar": {
            "hashes": [
                "sha256:95fc2fd29c56cc86678aae9f6919ececefe892f2a78c4004b193a223a8380c3d",
                "sha256:fe7fe3f21865218827e2162ecc06eba386dfe8cffe4f3501c49bb4359e06a0e6"
            ],
            "index": "pypi",
            "markers": "python_version >= '3.7'",
            "version": "==3.6.0"
        },
        "django-dotenv": {
            "hashes": [
                "sha256:3812bb0f4876cf31f902aad140f0645e120e51ee30eb7c40c22050f58a0e4adb",
                "sha256:a9b1b40a70bd321acd231926acedb9bd2c5e873e33a1873b34a7276d196a765e"
            ],
            "index": "pypi",
            "version": "==1.4.2"
        },
        "django-phonenumber-field": {
            "hashes": [
                "sha256:dab78094e83f4b1276effca9903e6728e940d055b00cc8589ad5b8a22cb6a03b",
                "sha256:f1aaee276b18a8f0bf503d52eda183965ca164a6379c1e70f73718bcc8a91345"
            ],
            "index": "pypi",
            "markers": "python_version >= '3.7'",
            "version": "==7.0.0"
        },
        "django-picklefield": {
            "hashes": [
                "sha256:aa463f5d79d497dbe789f14b45180f00a51d0d670067d0729f352a3941cdfa4d",
                "sha256:e9a73539d110f69825d9320db18bcb82e5189ff48dbed41821c026a20497764c"
            ],
            "markers": "python_version >= '3'",
            "version": "==3.2"
        },
        "django-q": {
            "hashes": [
                "sha256:1b74ce3a8931990b136903e3a7bc9b07243282a2b5355117246f05ed5d076e68",
                "sha256:5c6b4d530aa3aabf9c6aa57376da1ca2abf89a1562b77038b7a04e52a4a0a91b"
            ],
            "index": "pypi",
            "markers": "python_version < '4' and python_full_version >= '3.6.2'",
            "version": "==1.3.9"
        },
        "django-templated-mail": {
            "hashes": [
                "sha256:8db807effebb42a532622e2d142dfd453dafcd0d7794c4c3332acb90656315f9",
                "sha256:f7127e1e31d7cad4e6c4b4801d25814d4b8782627ead76f4a75b3b7650687556"
            ],
            "index": "pypi",
            "version": "==1.1.1"
        },
        "djangorestframework": {
            "hashes": [
                "sha256:579a333e6256b09489cbe0a067e66abe55c6595d8926be6b99423786334350c8",
                "sha256:eb63f58c9f218e1a7d064d17a70751f528ed4e1d35547fdade9aaf4cd103fd08"
            ],
            "index": "pypi",
            "markers": "python_version >= '3.6'",
            "version": "==3.14.0"
        },
        "djangorestframework-simplejwt": {
            "hashes": [
                "sha256:a60b09afb27d91ad1d7ac904cc632bd52cecead8f389f0fa1532ceb0fb757a74",
                "sha256:bcc4cb74dcb637ca1e17eed35276bd618ab19491f8c53e65dee6271177c355e8"
            ],
            "index": "pypi",
            "markers": "python_version >= '3.7'",
            "version": "==5.2.0"
        },
        "ecdsa": {
            "hashes": [
                "sha256:30638e27cf77b7e15c4c4cc1973720149e1033827cfd00661ca5c8cc0cdb24c3",
                "sha256:478cba7b62555866fcb3bb3fe985e06decbdb68ef55713c4e5ab98c57d508e61"
            ],
            "markers": "python_version >= '2.6' and python_version not in '3.0, 3.1, 3.2, 3.3, 3.4, 3.5'",
            "version": "==0.19.1"
        },
        "enum-compat": {
            "hashes": [
                "sha256:3677daabed56a6f724451d585662253d8fb4e5569845aafa8bb0da36b1a8751e",
                "sha256:88091b617c7fc3bbbceae50db5958023c48dc40b50520005aa3bf27f8f7ea157"
            ],
            "version": "==0.0.3"
        },
        "future": {
            "hashes": [
                "sha256:929292d34f5872e70396626ef385ec22355a1fae8ad29e1a734c3e43f9fbc216",
                "sha256:bd2968309307861edae1458a4f8a4f3598c03be43b97521076aebf5d94c07b05"
            ],
            "markers": "python_version >= '2.6' and python_version not in '3.0, 3.1, 3.2, 3.3'",
            "version": "==1.0.0"
        },
        "gunicorn": {
            "hashes": [
                "sha256:9dcc4547dbb1cb284accfb15ab5667a0e5d1881cc443e0677b4882a4067a807e",
                "sha256:e0a968b5ba15f8a328fdfd7ab1fcb5af4470c28aaf7e55df02a99bc13138e6e8"
            ],
            "index": "pypi",
            "markers": "python_version >= '3.5'",
            "version": "==20.1.0"
        },
        "idna": {
            "hashes": [
                "sha256:814f528e8dead7d329833b91c5faa87d60bf71824cd12a7530b5526063d02cb4",
                "sha256:90b77e79eaa3eba6de819a0c442c0b4ceefc341a7a2ab77d7562bf49f425c5c2"
            ],
            "index": "pypi",
            "markers": "python_version >= '3.5'",
            "version": "==3.4"
        },
        "intuit-oauth": {
            "hashes": [
                "sha256:14a1a8ed73f24369ba209f0e581eb30698571fd7bcbe05ca5bed65d2ff9df8b1",
                "sha256:dd09ef833a26e12e0fbe96d0e7694cdae2c9179776f763ea00e328f8cbd4464e"
            ],
            "version": "==1.2.4"
        },
        "mysqlclient": {
            "hashes": [
                "sha256:0d1cd3a5a4d28c222fa199002810e8146cffd821410b67851af4cc80aeccd97c",
                "sha256:828757e419fb11dd6c5ed2576ec92c3efaa93a0f7c39e263586d1ee779c3d782",
                "sha256:996924f3483fd36a34a5812210c69e71dea5a3d5978d01199b78b7f6d485c855",
                "sha256:b355c8b5a7d58f2e909acdbb050858390ee1b0e13672ae759e5e784110022994",
                "sha256:c1ed71bd6244993b526113cca3df66428609f90e4652f37eb51c33496d478b37",
                "sha256:c812b67e90082a840efb82a8978369e6e69fc62ce1bda4ca8f3084a9d862308b",
                "sha256:dea88c8d3f5a5d9293dfe7f087c16dd350ceb175f2f6631c9cf4caf3e19b7a96"
            ],
            "index": "pypi",
            "markers": "python_version >= '3.5'",
            "version": "==2.1.1"
        },
        "oauthlib": {
            "hashes": [
                "sha256:0f0f8aa759826a193cf66c12ea1af1637f87b9b4622d46e866952bb022e538c9",
                "sha256:88119c938d2b8fb88561af5f6ee0eec8cc8d552b7bb1f712743136eb7523b7a1"
            ],
            "markers": "python_version >= '3.8'",
            "version": "==3.3.1"
        },
        "phonenumbers": {
            "hashes": [
                "sha256:057d1966962fb86b3dc447bfac2c8e25ceed774509e49b180926a13a99910318",
                "sha256:0b234c4a9519fac18d00b3c542f5b429513ea69372d4f95fbd0f716f5e2a89b5"
            ],
            "index": "pypi",
            "version": "==8.12.57"
        },
        "pillow": {
            "hashes": [
                "sha256:0030fdbd926fb85844b8b92e2f9449ba89607231d3dd597a21ae72dc7fe26927",
                "sha256:030e3460861488e249731c3e7ab59b07c7853838ff3b8e16aac9561bb345da14",
                "sha256:0ed2c4ef2451de908c90436d6e8092e13a43992f1860275b4d8082667fbb2ffc",
                "sha256:136659638f61a251e8ed3b331fc6ccd124590eeff539de57c5f80ef3a9594e58",
                "sha256:13b725463f32df1bfeacbf3dd197fb358ae8ebcd8c5548faa75126ea425ccb60",
                "sha256:1536ad017a9f789430fb6b8be8bf99d2f214c76502becc196c6f2d9a75b01b76",
                "sha256:15928f824870535c85dbf949c09d6ae7d3d6ac2d6efec80f3227f73eefba741c",
                "sha256:17d4cafe22f050b46d983b71c707162d63d796a1235cdf8b9d7a112e97b15bac",
                "sha256:1802f34298f5ba11d55e5bb09c31997dc0c6aed919658dfdf0198a2fe75d5490",
                "sha256:1cc1d2451e8a3b4bfdb9caf745b58e6c7a77d2e469159b0d527a4554d73694d1",
                "sha256:1fd6f5e3c0e4697fa7eb45b6e93996299f3feee73a3175fa451f49a74d092b9f",
                "sha256:254164c57bab4b459f14c64e93df11eff5ded575192c294a0c49270f22c5d93d",
                "sha256:2ad0d4df0f5ef2247e27fc790d5c9b5a0af8ade9ba340db4a73bb1a4a3e5fb4f",
                "sha256:2c58b24e3a63efd22554c676d81b0e57f80e0a7d3a5874a7e14ce90ec40d3069",
                "sha256:2d33a11f601213dcd5718109c09a52c2a1c893e7461f0be2d6febc2879ec2402",
                "sha256:336b9036127eab855beec9662ac3ea13a4544a523ae273cbf108b228ecac8437",
                "sha256:337a74fd2f291c607d220c793a8135273c4c2ab001b03e601c36766005f36885",
                "sha256:37ff6b522a26d0538b753f0b4e8e164fdada12db6c6f00f62145d732d8a3152e",
                "sha256:3d1f14f5f691f55e1b47f824ca4fdcb4b19b4323fe43cc7bb105988cad7496be",
                "sha256:4134d3f1ba5f15027ff5c04296f13328fecd46921424084516bdb1b2548e66ff",
                "sha256:4ad2f835e0ad81d1689f1b7e3fbac7b01bb8777d5a985c8962bedee0cc6d43da",
                "sha256:50dff9cc21826d2977ef2d2a205504034e3a4563ca6f5db739b0d1026658e004",
                "sha256:510cef4a3f401c246cfd8227b300828715dd055463cdca6176c2e4036df8bd4f",
                "sha256:5aed7dde98403cd91d86a1115c78d8145c83078e864c1de1064f52e6feb61b20",
                "sha256:69bd1a15d7ba3694631e00df8de65a8cb031911ca11f44929c97fe05eb9b6c1d",
                "sha256:6bf088c1ce160f50ea40764f825ec9b72ed9da25346216b91361eef8ad1b8f8c",
                "sha256:6e8c66f70fb539301e064f6478d7453e820d8a2c631da948a23384865cd95544",
                "sha256:74a04183e6e64930b667d321524e3c5361094bb4af9083db5c301db64cd341f3",
                "sha256:75e636fd3e0fb872693f23ccb8a5ff2cd578801251f3a4f6854c6a5d437d3c04",
                "sha256:7761afe0126d046974a01e030ae7529ed0ca6a196de3ec6937c11df0df1bc91c",
                "sha256:7888310f6214f19ab2b6df90f3f06afa3df7ef7355fc025e78a3044737fab1f5",
                "sha256:7b0554af24df2bf96618dac71ddada02420f946be943b181108cac55a7a2dcd4",
                "sha256:7c7b502bc34f6e32ba022b4a209638f9e097d7a9098104ae420eb8186217ebbb",
                "sha256:808add66ea764ed97d44dda1ac4f2cfec4c1867d9efb16a33d158be79f32b8a4",
                "sha256:831e648102c82f152e14c1a0938689dbb22480c548c8d4b8b248b3e50967b88c",
                "sha256:93689632949aff41199090eff5474f3990b6823404e45d66a5d44304e9cdc467",
                "sha256:96b5e6874431df16aee0c1ba237574cb6dff1dcb173798faa6a9d8b399a05d0e",
                "sha256:9a54614049a18a2d6fe156e68e188da02a046a4a93cf24f373bffd977e943421",
                "sha256:a138441e95562b3c078746a22f8fca8ff1c22c014f856278bdbdd89ca36cff1b",
                "sha256:a647c0d4478b995c5e54615a2e5360ccedd2f85e70ab57fbe817ca613d5e63b8",
                "sha256:a9c9bc489f8ab30906d7a85afac4b4944a572a7432e00698a7239f44a44e6efb",
                "sha256:ad2277b185ebce47a63f4dc6302e30f05762b688f8dc3de55dbae4651872cdf3",
                "sha256:adabc0bce035467fb537ef3e5e74f2847c8af217ee0be0455d4fec8adc0462fc",
                "sha256:b6d5e92df2b77665e07ddb2e4dbd6d644b78e4c0d2e9272a852627cdba0d75cf",
                "sha256:bc431b065722a5ad1dfb4df354fb9333b7a582a5ee39a90e6ffff688d72f27a1",
                "sha256:bdd0de2d64688ecae88dd8935012c4a72681e5df632af903a1dca8c5e7aa871a",
                "sha256:c79698d4cd9318d9481d89a77e2d3fcaeff5486be641e60a4b49f3d2ecca4e28",
                "sha256:cb6259196a589123d755380b65127ddc60f4c64b21fc3bb46ce3a6ea663659b0",
                "sha256:d5b87da55a08acb586bad5c3aa3b86505f559b84f39035b233d5bf844b0834b1",
                "sha256:dcd7b9c7139dc8258d164b55696ecd16c04607f1cc33ba7af86613881ffe4ac8",
                "sha256:dfe4c1fedfde4e2fbc009d5ad420647f7730d719786388b7de0999bf32c0d9fd",
                "sha256:ea98f633d45f7e815db648fd7ff0f19e328302ac36427343e4432c84432e7ff4",
                "sha256:ec52c351b35ca269cb1f8069d610fc45c5bd38c3e91f9ab4cbbf0aebc136d9c8",
                "sha256:eef7592281f7c174d3d6cbfbb7ee5984a671fcd77e3fc78e973d492e9bf0eb3f",
                "sha256:f07f1f00e22b231dd3d9b9208692042e29792d6bd4f6639415d2f23158a80013",
                "sha256:f3fac744f9b540148fa7715a435d2283b71f68bfb6d4aae24482a890aed18b59",
                "sha256:fa768eff5f9f958270b081bb33581b4b569faabf8774726b283edb06617101dc",
                "sha256:fac2d65901fb0fdf20363fbd345c01958a742f2dc62a8dd4495af66e3ff502a4"
            ],
            "index": "pypi",
            "markers": "python_version >= '3.7'",
            "version": "==9.2.0"
        },
        "pillow-heif": {
            "hashes": [
                "sha256:004f189469b377f08fbc2c4d37481f0c3d24c52c40b6226cb03330d6f7637e86",
                "sha256:08e5d1517227275859f69d1ff9f0418b60c8bc639830dbbbc3c845f63c04bf42",
                "sha256:091da60c52f994cab75d9d7451241a39574a4dfa5ed6903020bdc8d112dacfd5",
                "sha256:0dfe22c7939df165a43ba9109e5495744d39560dd9ee2b0edffa7c8e9e841468",
                "sha256:105e5f4f9b91bf525dbb3cf794c452b19b9812364ec7904b58ac21a4889c709d",
                "sha256:1cb9a3f17ce6efd36c2a28970e15dc4b499c44f69ae4f25d509ef78f1d977017",
                "sha256:2067cd473d55efced2a7523488ce8b7d1d74d517e496a2cd262b3aa3e755f1fb",
                "sha256:2478cce1dd6319ac5015e820203f665152786cacac0c67d7346f585f87b8e4ec",
                "sha256:2772f480308b96a546c11dc6cf3aeaf5fa9a9eb6292c253fb21bf07f309240cb",
                "sha256:28a498bb533bb8f43cb2df2f77bd9189df453f6d6a9f4058e4e21915c64a5613",
                "sha256:299f8205ccd44462822cdd2b8c13f9ad965febc8d78e5e9d65d859a1f2ba70c2",
                "sha256:2e69067755d535cb9128c2bacdf23c88b2e6fdb2c14615d7b1211d67823a3363",
                "sha256:3f1cc33d60caa86d383255e0b2b6a802624c3d82a47eb3b3c2655080b5ce1522",
                "sha256:44602b5dd44a0372f6efe19cf68ac4201974eecebd831e90b8bad68aa04d7563",
                "sha256:4c2e0bc5655daa3ff4a0708e9243ff76a1f8195080808ce1d716947738c3163a",
                "sha256:4e2905fe18040e7d2e97915eddf522007db222604b46c02bc3309ae7141d2c80",
                "sha256:54a56b0956736b2e0726b38d8042beffdda2293af6aea7c026f67ce32f8151a1",
                "sha256:566bdd6b4ff9e670001545ebbd1aff427980934150b036d68077b547cda4b2e8",
                "sha256:5970aab5933d4fe79b67984d71cb033960ddece6bfbb393eb137c9f8e8f6d0d1",
                "sha256:5a0947f19681c23e156cf9f05b8ab71508f71c3983fea3907f9d37f3ac57f8d0",
                "sha256:5b4416daccd43dd498fd2282545d612b7052238b2d36f319b581cf31a6dfdf09",
                "sha256:6a1c2954cb56cbaccd6aa2b5698794355870e1f93350c2721645dbe009221f99",
                "sha256:6b6226505fe66a689f30e60766a987c18641d5c8304d3e2ddbff1933cf48f263",
                "sha256:794f98504cf1053418e959677a9237c7a8e4cde5b76a60f5292d305e8dde780c",
                "sha256:84051e503e610a6f0730f0302f94981d2098ba7d944d17707f216c3a880e1f0c",
                "sha256:873a6632e60eb8276002a021f486c758ebbdfe047c050b476c70927484bbabbf",
                "sha256:8c76ac217ccbbfc315dc8785a3f517f4e8e8161145d47a9449852c50ca7b9399",
                "sha256:95966de504b485787443817582d7d35dda36d947439d23aee7221b7d79effa1a",
                "sha256:97a3ad62515fa7945ff0d7e4951ea7375eed2d7dc1cc258f0585709df89517e3",
                "sha256:984dbb5d09b30b6872474f12a7be7f2c33947184ef0e299d420118ad6c3deec8",
                "sha256:9d2856a76adb9839001b6490dde5ae8f1bc36ff347cdce03d91518174af1efeb",
                "sha256:a96f7e8551cb5ff9643a4ef54185b28fbbfc505e0510084d51e26ac5c8323da1",
                "sha256:a99ea7850963a0eace136dafa7bdc589f9ff49084815f1f6b23b47aba300ab7f",
                "sha256:ad72544dd58ce43776102697ab8c42e866ab4a1fefee2c96d8024c2e3eb4a738",
                "sha256:c24f435a25ce99c50f4a648fb71c84476f672aeb67db1ef62143c445a98bd619",
                "sha256:c651f45552851fd2910f3778020cb6e1d25464b12ad3370351d0265d75577c09",
                "sha256:c70e57392259e9baefc75c91d54ef68909987a6d83346f17e291acc87c8bc5e6",
                "sha256:c9ab847e931756d02433f12c73c5d65e5e9bd19e042655b149a0dab72f23dbc7",
                "sha256:cad848cb3f737d35b93f6966ec0a689c0121b291083b3c5b9712c6b0949c3c9a",
                "sha256:cd2aa9c489d9484fb8f2b0a82d8f0394e5856628290a4d85e1c58a0865f4ca23",
                "sha256:cd8fa25a182847f01c273f1a5d3120bcc0f3d9c5bee70b99c754000f5a593dc8",
                "sha256:d8e27c470d12158ff23d4430adb3091678fc771ae810892cb100f91d599ba206",
                "sha256:dc9911450f3aeea183a4e3e7a771f5d3c38d7b3453c31019324f3e9cd905a23c",
                "sha256:ddffabd96df3d538830421418f4ee63b0b0c1275b0fdbb9ce6da3649bdec0940",
                "sha256:eb2b3e3735d88c48a49fc744d310e77fab76b42a7e9b9a8a5cd8948bfac81f20",
                "sha256:ec15e68e6e238468aa3445eff1a25582c9637f21191e834b0ed4523009e62b28",
                "sha256:f17207cd3e53fa22863eec6ba1bdd83781d708ab0bbc7bc80bc80966a5b69905",
                "sha256:f541b2167e75870a582399e83b634d42812b21842da6c4338616f2819fb50363",
                "sha256:f6c1989da65f8ec7902da92faab569e0e74d177acfdc58a3c491b09e4cc5e592",
                "sha256:fae9efb35c8d5bce403d2ee1b185ca15fc9fdeed64e6f47fbce1f22ed38d921c",
                "sha256:fc7d499c6256b5173744509340db27c1d69d899b3c6db52b0d092c704b2c36c2"
            ],
            "index": "pypi",
            "markers": "python_version >= '3.8'",
            "version": "==0.15.0"
        },
        "psycopg2-binary": {
            "hashes": [
                "sha256:01310cf4cf26db9aea5158c217caa92d291f0500051a6469ac52166e1a16f5b7",
                "sha256:083a55275f09a62b8ca4902dd11f4b33075b743cf0d360419e2051a8a5d5ff76",
                "sha256:090f3348c0ab2cceb6dfbe6bf721ef61262ddf518cd6cc6ecc7d334996d64efa",
                "sha256:0a29729145aaaf1ad8bafe663131890e2111f13416b60e460dae0a96af5905c9",
                "sha256:0c9d5450c566c80c396b7402895c4369a410cab5a82707b11aee1e624da7d004",
                "sha256:10bb90fb4d523a2aa67773d4ff2b833ec00857f5912bafcfd5f5414e45280fb1",
                "sha256:12b11322ea00ad8db8c46f18b7dfc47ae215e4df55b46c67a94b4effbaec7094",
                "sha256:152f09f57417b831418304c7f30d727dc83a12761627bb826951692cc6491e57",
                "sha256:15803fa813ea05bef089fa78835118b5434204f3a17cb9f1e5dbfd0b9deea5af",
                "sha256:15c4e4cfa45f5a60599d9cec5f46cd7b1b29d86a6390ec23e8eebaae84e64554",
                "sha256:183a517a3a63503f70f808b58bfbf962f23d73b6dccddae5aa56152ef2bcb232",
                "sha256:1f14c8b0942714eb3c74e1e71700cbbcb415acbc311c730370e70c578a44a25c",
                "sha256:1f6b813106a3abdf7b03640d36e24669234120c72e91d5cbaeb87c5f7c36c65b",
                "sha256:280b0bb5cbfe8039205c7981cceb006156a675362a00fe29b16fbc264e242834",
                "sha256:2d872e3c9d5d075a2e104540965a1cf898b52274a5923936e5bfddb58c59c7c2",
                "sha256:2f2534ab7dc7e776a263b463a16e189eb30e85ec9bbe1bff9e78dae802608932",
                "sha256:2f9ffd643bc7349eeb664eba8864d9e01f057880f510e4681ba40a6532f93c71",
                "sha256:3303f8807f342641851578ee7ed1f3efc9802d00a6f83c101d21c608cb864460",
                "sha256:35168209c9d51b145e459e05c31a9eaeffa9a6b0fd61689b48e07464ffd1a83e",
                "sha256:3a79d622f5206d695d7824cbf609a4f5b88ea6d6dab5f7c147fc6d333a8787e4",
                "sha256:404224e5fef3b193f892abdbf8961ce20e0b6642886cfe1fe1923f41aaa75c9d",
                "sha256:46f0e0a6b5fa5851bbd9ab1bc805eef362d3a230fbdfbc209f4a236d0a7a990d",
                "sha256:47133f3f872faf28c1e87d4357220e809dfd3fa7c64295a4a148bcd1e6e34ec9",
                "sha256:526ea0378246d9b080148f2d6681229f4b5964543c170dd10bf4faaab6e0d27f",
                "sha256:53293533fcbb94c202b7c800a12c873cfe24599656b341f56e71dd2b557be063",
                "sha256:539b28661b71da7c0e428692438efbcd048ca21ea81af618d845e06ebfd29478",
                "sha256:57804fc02ca3ce0dbfbef35c4b3a4a774da66d66ea20f4bda601294ad2ea6092",
                "sha256:63638d875be8c2784cfc952c9ac34e2b50e43f9f0a0660b65e2a87d656b3116c",
                "sha256:6472a178e291b59e7f16ab49ec8b4f3bdada0a879c68d3817ff0963e722a82ce",
                "sha256:68641a34023d306be959101b345732360fc2ea4938982309b786f7be1b43a4a1",
                "sha256:6e82d38390a03da28c7985b394ec3f56873174e2c88130e6966cb1c946508e65",
                "sha256:761df5313dc15da1502b21453642d7599d26be88bff659382f8f9747c7ebea4e",
                "sha256:7af0dd86ddb2f8af5da57a976d27cd2cd15510518d582b478fbb2292428710b4",
                "sha256:7b1e9b80afca7b7a386ef087db614faebbf8839b7f4db5eb107d0f1a53225029",
                "sha256:874a52ecab70af13e899f7847b3e074eeb16ebac5615665db33bce8a1009cf33",
                "sha256:887dd9aac71765ac0d0bac1d0d4b4f2c99d5f5c1382d8b770404f0f3d0ce8a39",
                "sha256:8b344adbb9a862de0c635f4f0425b7958bf5a4b927c8594e6e8d261775796d53",
                "sha256:8fc53f9af09426a61db9ba357865c77f26076d48669f2e1bb24d85a22fb52307",
                "sha256:91920527dea30175cc02a1099f331aa8c1ba39bf8b7762b7b56cbf54bc5cce42",
                "sha256:93cd1967a18aa0edd4b95b1dfd554cf15af657cb606280996d393dadc88c3c35",
                "sha256:99485cab9ba0fa9b84f1f9e1fef106f44a46ef6afdeec8885e0b88d0772b49e8",
                "sha256:9d29409b625a143649d03d0fd7b57e4b92e0ecad9726ba682244b73be91d2fdb",
                "sha256:a29b3ca4ec9defec6d42bf5feb36bb5817ba3c0230dd83b4edf4bf02684cd0ae",
                "sha256:a9e1f75f96ea388fbcef36c70640c4efbe4650658f3d6a2967b4cc70e907352e",
                "sha256:accfe7e982411da3178ec690baaceaad3c278652998b2c45828aaac66cd8285f",
                "sha256:adf20d9a67e0b6393eac162eb81fb10bc9130a80540f4df7e7355c2dd4af9fba",
                "sha256:af9813db73395fb1fc211bac696faea4ca9ef53f32dc0cfa27e4e7cf766dcf24",
                "sha256:b1c8068513f5b158cf7e29c43a77eb34b407db29aca749d3eb9293ee0d3103ca",
                "sha256:b3a24a1982ae56461cc24f6680604fffa2c1b818e9dc55680da038792e004d18",
                "sha256:bda845b664bb6c91446ca9609fc69f7db6c334ec5e4adc87571c34e4f47b7ddb",
                "sha256:c381bda330ddf2fccbafab789d83ebc6c53db126e4383e73794c74eedce855ef",
                "sha256:c3ae8e75eb7160851e59adc77b3a19a976e50622e44fd4fd47b8b18208189d42",
                "sha256:d1c1b569ecafe3a69380a94e6ae09a4789bbb23666f3d3a08d06bbd2451f5ef1",
                "sha256:def68d7c21984b0f8218e8a15d514f714d96904265164f75f8d3a70f9c295667",
                "sha256:dffc08ca91c9ac09008870c9eb77b00a46b3378719584059c034b8945e26b272",
                "sha256:e3699852e22aa68c10de06524a3721ade969abf382da95884e6a10ff798f9281",
                "sha256:e6aa71ae45f952a2205377773e76f4e3f27951df38e69a4c95440c779e013560",
                "sha256:e847774f8ffd5b398a75bc1c18fbb56564cda3d629fe68fd81971fece2d3c67e",
                "sha256:ffb7a888a047696e7f8240d649b43fb3644f14f0ee229077e7f6b9f9081635bd"
            ],
            "index": "pypi",
            "markers": "python_version >= '3.6'",
            "version": "==2.9.3"
        },
        "pyasn1": {
            "hashes": [
                "sha256:0d632f46f2ba09143da3a8afe9e33fb6f92fa2320ab7e886e2d0f7672af84629",
                "sha256:6f580d2bdd84365380830acf45550f2511469f673cb4a5ae3857a3170128b034"
            ],
            "markers": "python_version >= '3.8'",
            "version": "==0.6.1"
        },
        "pyjwt": {
            "hashes": [
                "sha256:8d82e7087868e94dd8d7d418e5088ce64f7daab4b36db654cbaedb46f9d1ca80",
                "sha256:e77ab89480905d86998442ac5788f35333fa85f65047a534adc38edf3c88fc3b"
            ],
            "index": "pypi",
            "markers": "python_version >= '3.7'",
            "version": "==2.5.0"
        },
        "python-dateutil": {
            "hashes": [
                "sha256:37dd54208da7e1cd875388217d5e00ebd4179249f90fb72437e91a35459a0ad3",
                "sha256:a8b2bc7bffae282281c8140a97d3aa9c14da0b136dfe83f850eea9a5f7470427"
            ],
            "markers": "python_version >= '2.7' and python_version not in '3.0, 3.1, 3.2, 3.3'",
            "version": "==2.9.0.post0"
        },
        "python-http-client": {
            "hashes": [
                "sha256:ad371d2bbedc6ea15c26179c6222a78bc9308d272435ddf1d5c84f068f249a36",
                "sha256:bf841ee45262747e00dec7ee9971dfb8c7d83083f5713596488d67739170cea0"
            ],
            "index": "pypi",
            "markers": "python_version >= '2.7' and python_version not in '3.0, 3.1, 3.2, 3.3'",
            "version": "==3.3.7"
        },
        "python-jose": {
            "hashes": [
                "sha256:abd1202f23d34dfad2c3d28cb8617b90acf34132c7afd60abd0b0b7d3cb55771",
                "sha256:fb4eaa44dbeb1c26dcc69e4bd7ec54a1cb8dd64d3b4d81ef08d90ff453f2b01b"
            ],
            "markers": "python_version >= '3.9'",
            "version": "==3.5.0"
        },
        "python-quickbooks": {
            "hashes": [
                "sha256:f73b007363bafe12d0dd5a9293764d32dc2b48144fe1f27225064defb38aec63"
            ],
            "index": "pypi",
            "version": "==0.9.3"
        },
        "pytz": {
            "hashes": [
                "sha256:220f481bdafa09c3955dfbdddb7b57780e9a94f5127e35456a48589b9e0c0197",
                "sha256:cea221417204f2d1a2aa03ddae3e867921971d0d76f14d87abb4414415bbdcf5"
            ],
            "index": "pypi",
            "version": "==2022.2.1"
        },
        "rauth": {
            "hashes": [
                "sha256:524cdbc1c28560eacfc9a9d40c59525eb8d00fdf07fbad86107ea24411477b0a",
                "sha256:b18590fbd77bc3d871936bbdb851377d1b0c08e337b219c303f8fc2b5a42ef2d"
            ],
            "version": "==0.7.3"
        },
        "redis": {
            "hashes": [
                "sha256:0e7e0cfca8660dea8b7d5cd8c4f6c5e29e11f31158c0b0ae91a397f00e5a05a2",
                "sha256:432b788c4530cfe16d8d943a09d40ca6c16149727e4afe8c2c9d5580c59d9f24"
            ],
            "markers": "python_version >= '2.7' and python_version not in '3.0, 3.1, 3.2, 3.3, 3.4'",
            "version": "==3.5.3"
        },
        "requests": {
            "hashes": [
                "sha256:7c5599b102feddaa661c826c56ab4fee28bfd17f5abca1ebbe3e7f19d7c97983",
                "sha256:8fefa2a1a1365bf5520aac41836fbee479da67864514bdb821f31ce07ce65349"
            ],
            "index": "pypi",
            "markers": "python_version >= '3.7' and python_version < '4'",
            "version": "==2.28.1"
        },
        "requests-oauthlib": {
            "hashes": [
                "sha256:7dd8a5c40426b779b0868c404bdef9768deccf22749cde15852df527e6269b36",
                "sha256:b3dffaebd884d8cd778494369603a9e7b58d29111bf6b41bdc2dcd87203af4e9"
            ],
            "markers": "python_version >= '3.4'",
            "version": "==2.0.0"
        },
        "rsa": {
            "hashes": [
                "sha256:68635866661c6836b8d39430f97a996acbd61bfa49406748ea243539fe239762",
                "sha256:e7bdbfdb5497da4c07dfd35530e1a902659db6ff241e39d9953cad06ebd0ae75"
            ],
            "markers": "python_version >= '3.6' and python_version < '4'",
            "version": "==4.9.1"
        },
        "sendgrid": {
            "hashes": [
                "sha256:ba8d3d39e1f392b9434365d53983b2fc6a458ae0496d2d9e103c15e1743ab66b",
                "sha256:fa30411c627690fecd0ef6b1d4e1783f2d0272aa14b5fffb133ebd1e31114f16"
            ],
            "index": "pypi",
            "markers": "python_version >= '2.7' and python_version not in '3.0, 3.1, 3.2, 3.3, 3.4'",
            "version": "==6.9.7"
        },
        "setuptools": {
            "hashes": [
                "sha256:062d34222ad13e0cc312a4c02d73f059e86a4acbfbdea8f8f76b28c99f306922",
                "sha256:f36b47402ecde768dbfafc46e8e4207b4360c654f1f3bb84475f0a28628fb19c"
            ],
            "markers": "python_version >= '3.9'",
            "version": "==80.9.0"
        },
        "simplejson": {
            "hashes": [
                "sha256:00bcd408a4430af99d1f8b2b103bb2f5133bb688596a511fcfa7db865fbb845e",
                "sha256:06190b33cd7849efc413a5738d3da00b90e4a5382fd3d584c841ac20fb828c6f",
                "sha256:0cec1868b237fe9fb2d466d6ce0c7b772e005aadeeda582d867f6f1ec9710cad",
                "sha256:0e9b6d845a603b2eef3394eb5e21edb8626cd9ae9a8361d14e267eb969dbe413",
                "sha256:106762f8aedf3fc3364649bfe8dc9a40bf5104f872a4d2d86bae001b1af30d30",
                "sha256:10cf9ca1363dc3711c72f4ec7c1caed2bbd9aaa29a8d9122e31106022dc175c6",
                "sha256:11847093fd36e3f5a4f595ff0506286c54885f8ad2d921dfb64a85bce67f72c4",
                "sha256:12a6b2816b6cab6c3fd273d43b1948bc9acf708272074c8858f579c394f4cbc9",
                "sha256:12d3d4dc33770069b780cc8f5abef909fe4a3f071f18f55f6d896a370fd0f970",
                "sha256:133ae2098a8e162c71da97cdab1f383afdd91373b7ff5fe65169b04167da976b",
                "sha256:156139d94b660448ec8a4ea89f77ec476597f752c2ff66432d3656704c66b40e",
                "sha256:16366591c8e08a4ac76b81d76a3fc97bf2bcc234c9c097b48d32ea6bfe2be2fe",
                "sha256:214e26acf2dfb9ff3314e65c4e168a6b125bced0e2d99a65ea7b0f169db1e562",
                "sha256:215b65b0dc2c432ab79c430aa4f1e595f37b07a83c1e4c4928d7e22e6b49a748",
                "sha256:21e7a066528a5451433eb3418184f05682ea0493d14e9aae690499b7e1eb6b81",
                "sha256:25ba488decb18738f5d6bd082018409689ed8e74bc6c4d33a0b81af6edf1c9f4",
                "sha256:25ca2663d99328d51e5a138f22018e54c9162438d831e26cfc3458688616eca8",
                "sha256:27f9c01a6bc581d32ab026f515226864576da05ef322d7fc141cd8a15a95ce53",
                "sha256:2bfc1c396ad972ba4431130b42307b2321dba14d988580c1ac421ec6a6b7cee3",
                "sha256:2c0b4a67e75b945489052af6590e7dca0ed473ead5d0f3aad61fa584afe814ab",
                "sha256:2fb1259ca9c385b0395bad59cdbf79535a5a84fb1988f339a49bfbc57455a35a",
                "sha256:306e83d7c331ad833d2d43c76a67f476c4b80c4a13334f6e34bb110e6105b3bd",
                "sha256:30e590e133b06773f0dc9c3f82e567463df40598b660b5adf53eb1c488202544",
                "sha256:3a0d2337e490e6ab42d65a082e69473717f5cc75c3c3fb530504d3681c4cb40c",
                "sha256:3a97249ee1aee005d891b5a211faf58092a309f3d9d440bc269043b08f662eda",
                "sha256:3b6bb7fb96efd673eac2e4235200bfffdc2353ad12c54117e1e4e2fc485ac017",
                "sha256:3e22a5fb7b1437ffb057e02e1936a3bfb19084ae9d221ec5e9f4cf85f69946b6",
                "sha256:40ca7cbe7d2f423b97ed4e70989ef357f027a7e487606628c11b79667639dc84",
                "sha256:4376d5acae0d1e91e78baeba4ee3cf22fbf6509d81539d01b94e0951d28ec2b6",
                "sha256:438680ddde57ea87161a4824e8de04387b328ad51cfdf1eaf723623a3014b7aa",
                "sha256:44a6235e09ca5cc41aa5870a952489c06aa4aee3361ae46daa947d8398e57502",
                "sha256:472785b52e48e3eed9b78b95e26a256f59bb1ee38339be3075dad799e2e1e661",
                "sha256:47d8927e5ac927fdd34c99cc617938abb3624b06ff86e8e219740a86507eb961",
                "sha256:4a3f1db97bcd9fb592928159af7a405b18df7e847cbcc5682a209c5b2ad5d6b1",
                "sha256:4a76d7c47d959afe6c41c88005f3041f583a4b9a1783cf341887a3628a77baa0",
                "sha256:4ad4eac7d858947a30d2c404e61f16b84d16be79eb6fb316341885bdde864fa8",
                "sha256:4d291911d23b1ab8eb3241204dd54e3ec60ddcd74dfcb576939d3df327205865",
                "sha256:4fc62feb76f590ccaff6f903f52a01c58ba6423171aa117b96508afda9c210f0",
                "sha256:51eccc4e353eed3c50e0ea2326173acdc05e58f0c110405920b989d481287e51",
                "sha256:552f55745044a24c3cb7ec67e54234be56d5d6d0e054f2e4cf4fb3e297429be5",
                "sha256:5a7bbac80bdb82a44303f5630baee140aee208e5a4618e8b9fde3fc400a42671",
                "sha256:5d6f5bacb8cdee64946b45f2680afa3f54cd38e62471ceda89f777693aeca4e4",
                "sha256:5de26f11d5aca575d3825dddc65f69fdcba18f6ca2b4db5cef16f41f969cef15",
                "sha256:5ef70ec8fe1569872e5a3e4720c1e1dcb823879a3c78bc02589eb88fab920b1f",
                "sha256:5fe7a6ce14d1c300d80d08695b7f7e633de6cd72c80644021874d985b3393649",
                "sha256:619ada86bfe3a5aa02b8222ca6bfc5aa3e1075c1fb5b3263d24ba579382df472",
                "sha256:66f7c78c6ef776f8bd9afaad455e88b8197a51e95617bcc44b50dd974a7825ba",
                "sha256:6a4b5e7864f952fcce4244a70166797d7b8fd6069b4286d3e8403c14b88656b6",
                "sha256:6a8f1c307edf5fbf0c6db3396c5d3471409c4a40c7a2a466fbc762f20d46601a",
                "sha256:6b1d8d7c3e1a205c49e1aee6ba907dcb8ccea83651e6c3e2cb2062f1e52b0726",
                "sha256:6c3a98e21e5f098e4f982ef302ebb1e681ff16a5d530cfce36296bea58fe2396",
                "sha256:6d7286dc11af60a2f76eafb0c2acde2d997e87890e37e24590bb513bec9f1bc5",
                "sha256:732cf4c4ac1a258b4e9334e1e40a38303689f432497d3caeb491428b7547e782",
                "sha256:7524e19c2da5ef281860a3d74668050c6986be15c9dd99966034ba47c68828c2",
                "sha256:78fa1db6a02bca88829f2b2057c76a1d2dc2fccb8c5ff1199e352f213e9ec719",
                "sha256:792debfba68d8dd61085ffb332d72b9f5b38269cda0c99f92c7a054382f55246",
                "sha256:7977640af7b7d5e6a852d26622057d428706a550f7f5083e7c4dd010a84d941f",
                "sha256:8ba88696351ed26a8648f8378a1431223f02438f8036f006d23b4f5b572778fa",
                "sha256:8d7be7c99939cc58e7c5bcf6bb52a842a58e6c65e1e9cdd2a94b697b24cddb54",
                "sha256:8db6841fb796ec5af632f677abf21c6425a1ebea0d9ac3ef1a340b8dc69f52b8",
                "sha256:90d311ba8fcd733a3677e0be21804827226a57144130ba01c3c6a325e887dd86",
                "sha256:979ce23ea663895ae39106946ef3d78527822d918a136dbc77b9e2b7f006237e",
                "sha256:9ccef5b5d3e3ac5d9da0a0ca1d2de8cf2b0fb56b06aa0ab79325fa4bcc5a1d60",
                "sha256:9ddf9a07694c5bbb4856271cbc4247cc6cf48f224a7d128a280482a2f78bae3d",
                "sha256:a135941a50795c934bdc9acc74e172b126e3694fe26de3c0c1bc0b33ea17e6ce",
                "sha256:a16b029ca25645b3bc44e84a4f941efa51bf93c180b31bd704ce6349d1fc77c1",
                "sha256:a1a85013eb33e4820286139540accbe2c98d2da894b2dcefd280209db508e608",
                "sha256:a2ba921b047bb029805726800819675249ef25d2f65fd0edb90639c5b1c3033c",
                "sha256:ab998e416ded6c58f549a22b6a8847e75a9e1ef98eb9fbb2863e1f9e61a4105b",
                "sha256:ac20dc3fcdfc7b8415bfc3d7d51beccd8695c3f4acb7f74e3a3b538e76672868",
                "sha256:aff032a59a201b3683a34be1169e71ddda683d9c3b43b261599c12055349251e",
                "sha256:b21659898b7496322e99674739193f81052e588afa8b31b6a1c7733d8829b925",
                "sha256:b2620ac40be04dff08854baf6f4df10272f67079f61ed1b6274c0e840f2e2ae1",
                "sha256:b392e11c6165d4a0fde41754a0e13e1d88a5ad782b245a973dd4b2bdb4e5076a",
                "sha256:b3bf76512ccb07d47944ebdca44c65b781612d38b9098566b4bb40f713fc4047",
                "sha256:b530ad6d55e71fa9e93e1109cf8182f427a6355848a4ffa09f69cc44e1512522",
                "sha256:b538f9d9e503b0dd43af60496780cb50755e4d8e5b34e5647b887675c1ae9fee",
                "sha256:b8205f113082e7d8f667d6cd37d019a7ee5ef30b48463f9de48e1853726c6127",
                "sha256:ba4edf3be8e97e4713d06c3d302cba1ff5c49d16e9d24c209884ac1b8455520c",
                "sha256:bd96a7d981bf64f0e42345584768da4435c05b24fd3c364663f5fbc8fabf82e3",
                "sha256:bfe704864b5fead4f21c8d448a89ee101c9b0fc92a5f40b674111da9272b3a90",
                "sha256:c01379b4861c3b0aa40cba8d44f2b448f5743999aa68aaa5d3ef7049d4a28a2d",
                "sha256:c0a341f7cc2aae82ee2b31f8a827fd2e51d09626f8b3accc441a6907c88aedb7",
                "sha256:c0a63ec98a4547ff366871bf832a7367ee43d047bcec0b07b66c794e2137b476",
                "sha256:c2da97ac65165d66b0570c9e545786f0ac7b5de5854d3711a16cacbcaa8c472d",
                "sha256:c34e028a2ba8553a208ded1da5fa8501833875078c4c00a50dffc33622057881",
                "sha256:cac78470ae68b8d8c41b6fca97f5bf8e024ca80d5878c7724e024540f5cdaadb",
                "sha256:cb11c09c99253a74c36925d461c86ea25f0140f3b98ff678322734ddc0f038d7",
                "sha256:cdad497ccb1edc5020bef209e9c3e062a923e8e6fca5b8a39f0fb34380c8a66c",
                "sha256:d81f8e982923d5e9841622ff6568be89756428f98a82c16e4158ac32b92a3787",
                "sha256:d8b6ff02fc7b8555c906c24735908854819b0d0dc85883d453e23ca4c0445d01",
                "sha256:da6d16d7108d366bbbf1c1f3274662294859c03266e80dd899fc432598115ea4",
                "sha256:da795ea5f440052f4f497b496010e2c4e05940d449ea7b5c417794ec1be55d01",
                "sha256:dab98625b3d6821e77ea59c4d0e71059f8063825a0885b50ed410e5c8bd5cb66",
                "sha256:daf7cd18fe99eb427fa6ddb6b437cfde65125a96dc27b93a8969b6fe90a1dbea",
                "sha256:db0804d04564e70862ef807f3e1ace2cc212ef0e22deb1b3d6f80c45e5882c6b",
                "sha256:e022b2c4c54cb4855e555f64aa3377e3e5ca912c372fa9e3edcc90ebbad93dce",
                "sha256:e0f661105398121dd48d9987a2a8f7825b8297b3b2a7fe5b0d247370396119d5",
                "sha256:e11a1d6b2f7e72ca546bdb4e6374b237ebae9220e764051b867111df83acbd13",
                "sha256:e2162b2a43614727ec3df75baeda8881ab129824aa1b49410d4b6c64f55a45b4",
                "sha256:e9b0523582a57d9ea74f83ecefdffe18b2b0a907df1a9cef06955883341930d8",
                "sha256:ece4863171ba53f086a3bfd87f02ec3d6abc586f413babfc6cf4de4d84894620",
                "sha256:f1036be00b5edaddbddbb89c0f80ed229714a941cfd21e51386dc69c237201c2",
                "sha256:f28ee755fadb426ba2e464d6fcf25d3f152a05eb6b38e0b4f790352f5540c769",
                "sha256:f526304c2cc9fd8b8d18afacb75bc171650f83a7097b2c92ad6a431b5d7c1b72",
                "sha256:f59a12966daa356bf68927fca5a67bebac0033cd18b96de9c2d426cd11756cd0",
                "sha256:f820a6ac2ef0bc338ae4963f4f82ccebdb0824fe9caf6d660670c578abe01013",
                "sha256:f8fe6de652fcddae6dec8f281cc1e77e4e8f3575249e1800090aab48f73b4259",
                "sha256:fc8da64929ef0ff16448b602394a76fd9968a39afff0692e5ab53669df1f047f",
                "sha256:feed6806f614bdf7f5cb6d0123cb0c1c5f40407ef103aa935cffaa694e2e0c74"
            ],
            "markers": "python_version >= '2.5' and python_version not in '3.0, 3.1, 3.2, 3.3'",
            "version": "==3.20.2"
        },
        "six": {
            "hashes": [
                "sha256:1e61c37477a1626458e36f7b1d82aa5c9b094fa4802892072e49de9c60c4c926",
                "sha256:8abb2f1d86890a2dfb989f9a77cfcfd3e47c2a354b01111771326f8aa26e0254"
            ],
            "index": "pypi",
            "markers": "python_version >= '2.7' and python_version not in '3.0, 3.1, 3.2, 3.3'",
            "version": "==1.16.0"
        },
        "sqlparse": {
            "hashes": [
                "sha256:0323c0ec29cd52bceabc1b4d9d579e311f3e4961b98d174201d5622a23b85e34",
                "sha256:69ca804846bb114d2ec380e4360a8a340db83f0ccf3afceeb1404df028f57268"
            ],
            "index": "pypi",
            "markers": "python_version >= '3.5'",
            "version": "==0.4.3"
        },
        "starkbank-ecdsa": {
            "hashes": [
                "sha256:24422395e8682ac22a5b20ba3d7418d62e1a927aef29e8ddb5e678662be6b643"
            ],
            "index": "pypi",
            "version": "==2.1.0"
        },
        "twilio": {
            "hashes": [
                "sha256:5f226181dc3c1b78a8875d97e09359c7e9baa02ce4aee0aaa67e589f40536e62",
                "sha256:b4d36ed630b8963c361ac005aa8f19384085b07ef638044f3f9b28d0d9210273"
            ],
            "index": "pypi",
            "markers": "python_full_version >= '3.6.0'",
            "version": "==7.14.1"
        },
        "tzdata": {
            "hashes": [
                "sha256:1a403fada01ff9221ca8044d701868fa132215d84beb92242d9acd2147f667a8",
                "sha256:b60a638fcc0daffadf82fe0f57e53d06bdec2f36c4df66280ae79bce6bd6f2b9"
            ],
            "markers": "python_version >= '3.9'",
            "version": "==2025.2"
        },
        "tzlocal": {
            "hashes": [
                "sha256:cceffc7edecefea1f595541dbd6e990cb1ea3d19bf01b2809f362a03dd7921fd",
                "sha256:eb1a66c3ef5847adf7a834f1be0800581b683b5608e74f86ecbcef8ab91bb85d"
            ],
            "markers": "python_version >= '3.9'",
            "version": "==5.3.1"
        },
        "urllib3": {
            "hashes": [
                "sha256:3fa96cf423e6987997fc326ae8df396db2a8b7c667747d47ddd8ecba91f4a74e",
                "sha256:b930dd878d5a8afb066a637fbb35144fe7901e3b209d1cd4f524bd0e9deee997"
            ],
            "index": "pypi",
            "markers": "python_version >= '2.7' and python_version not in '3.0, 3.1, 3.2, 3.3, 3.4, 3.5' and python_version < '4'",
            "version": "==1.26.12"
        },
        "wcwidth": {
            "hashes": [
                "sha256:4d478375d31bc5395a3c55c40ccdf3354688364cd61c4f6adacaa9215d0b3605",
                "sha256:a7bb560c8aee30f9957e5f9895805edd20602f2d7f720186dfd906e82b4982e1"
            ],
            "markers": "python_version >= '3.6'",
            "version": "==0.2.14"
        },
        "whitenoise": {
            "hashes": [
                "sha256:8e9c600a5c18bd17655ef668ad55b5edf6c24ce9bdca5bf607649ca4b1e8e2c2",
                "sha256:8fa943c6d4cd9e27673b70c21a07b0aa120873901e099cd46cab40f7cc96d567"
            ],
            "index": "pypi",
            "markers": "python_version >= '3.7'",
            "version": "==6.2.0"
        }
    },
    "develop": {}
}
